
Microsoft Visual Studio Solution File, Format Version 12.00
# Visual Studio Version 16
VisualStudioVersion = 16.0.33130.400
MinimumVisualStudioVersion = 10.0.40219.1
Project("{FAE04EC0-301F-11D3-BF4B-00C04F79EFBC}") = "thisisasample", "thisisasample.csproj", "{23447780-D624-4624-8815-C1ED6097C5A6}"
EndProject
Global
	GlobalSection(SolutionConfigurationPlatforms) = preSolution
		Debug|Any CPU = Debug|Any CPU
		Release|Any CPU = Release|Any CPU
	EndGlobalSection
	GlobalSection(ProjectConfigurationPlatforms) = postSolution
		{23447780-D624-4624-8815-C1ED6097C5A6}.Debug|Any CPU.ActiveCfg = Debug|Any CPU
		{23447780-D624-4624-8815-C1ED6097C5A6}.Debug|Any CPU.Build.0 = Debug|Any CPU
		{23447780-D624-4624-8815-C1ED6097C5A6}.Release|Any CPU.ActiveCfg = Release|Any CPU
		{23447780-D624-4624-8815-C1ED6097C5A6}.Release|Any CPU.Build.0 = Release|Any CPU
	EndGlobalSection
	GlobalSection(SolutionProperties) = preSolution
		HideSolutionNode = FALSE
	EndGlobalSection
	GlobalSection(ExtensibilityGlobals) = postSolution
		SolutionGuid = {589E6002-4C01-4925-B2AA-6496BD493AF0}
	EndGlobalSection
EndGlobal
